
Microsoft Visual Studio Solution File, Format Version 12.00
# Visual Studio 15
VisualStudioVersion = 15.0.28307.329
MinimumVisualStudioVersion = 10.0.40219.1
Project("{FAE04EC0-301F-11D3-BF4B-00C04F79EFBC}") = "App2", "App2\App2.csproj", "{53506551-0B2C-4BE5-9512-9E1BEFC41A66}"
EndProject
Global
	GlobalSection(SolutionConfigurationPlatforms) = preSolution
		Debug|Any CPU = Debug|Any CPU
		Release|Any CPU = Release|Any CPU
	EndGlobalSection
	GlobalSection(ProjectConfigurationPlatforms) = postSolution
		{53506551-0B2C-4BE5-9512-9E1BEFC41A66}.Debug|Any CPU.ActiveCfg = Debug|Any CPU
		{53506551-0B2C-4BE5-9512-9E1BEFC41A66}.Debug|Any CPU.Build.0 = Debug|Any CPU
		{53506551-0B2C-4BE5-9512-9E1BEFC41A66}.Debug|Any CPU.Deploy.0 = Debug|Any CPU
		{53506551-0B2C-4BE5-9512-9E1BEFC41A66}.Release|Any CPU.ActiveCfg = Release|Any CPU
		{53506551-0B2C-4BE5-9512-9E1BEFC41A66}.Release|Any CPU.Build.0 = Release|Any CPU
		{53506551-0B2C-4BE5-9512-9E1BEFC41A66}.Release|Any CPU.Deploy.0 = Release|Any CPU
	EndGlobalSection
	GlobalSection(SolutionProperties) = preSolution
		HideSolutionNode = FALSE
	EndGlobalSection
	GlobalSection(ExtensibilityGlobals) = postSolution
		SolutionGuid = {5ED10F3E-1B33-4655-BF9D-0551788DB75E}
	EndGlobalSection
EndGlobal
